
Microsoft Visual Studio Solution File, Format Version 12.00
# Visual Studio Version 17
VisualStudioVersion = 17.3.32901.215
MinimumVisualStudioVersion = 10.0.40219.1
Project("{FAE04EC0-301F-11D3-BF4B-00C04F79EFBC}") = "4islrm.örnek", "4islrm.örnek\4islrm.örnek.csproj", "{C3E80675-92F0-48AC-80D1-F55ABE048918}"
EndProject
Global
	GlobalSection(SolutionConfigurationPlatforms) = preSolution
		Debug|Any CPU = Debug|Any CPU
		Release|Any CPU = Release|Any CPU
	EndGlobalSection
	GlobalSection(ProjectConfigurationPlatforms) = postSolution
		{C3E80675-92F0-48AC-80D1-F55ABE048918}.Debug|Any CPU.ActiveCfg = Debug|Any CPU
		{C3E80675-92F0-48AC-80D1-F55ABE048918}.Debug|Any CPU.Build.0 = Debug|Any CPU
		{C3E80675-92F0-48AC-80D1-F55ABE048918}.Release|Any CPU.ActiveCfg = Release|Any CPU
		{C3E80675-92F0-48AC-80D1-F55ABE048918}.Release|Any CPU.Build.0 = Release|Any CPU
	EndGlobalSection
	GlobalSection(SolutionProperties) = preSolution
		HideSolutionNode = FALSE
	EndGlobalSection
	GlobalSection(ExtensibilityGlobals) = postSolution
		SolutionGuid = {0F213273-8C21-4061-ACB9-403CDD2A62AF}
	EndGlobalSection
EndGlobal
